{
  "nodes": {
    "alejandra": {
      "inputs": {
        "fenix": "fenix",
        "flakeCompat": "flakeCompat",
        "nixpkgs": [
          "idris2-packageset",
          "idris2Lsp",
          "nixpkgs"
        ]
      },
      "locked": {
        "lastModified": 1660592437,
        "narHash": "sha256-xFumnivtVwu5fFBOrTxrv6fv3geHKF04RGP23EsDVaI=",
        "owner": "kamadorueda",
        "repo": "alejandra",
        "rev": "e7eac49074b70814b542fee987af2987dd0520b5",
        "type": "github"
      },
      "original": {
        "owner": "kamadorueda",
        "ref": "3.0.0",
        "repo": "alejandra",
        "type": "github"
      }
    },
    "fenix": {
      "inputs": {
        "nixpkgs": [
          "idris2-packageset",
          "idris2Lsp",
          "alejandra",
          "nixpkgs"
        ],
        "rust-analyzer-src": "rust-analyzer-src"
      },
      "locked": {
        "lastModified": 1657607339,
        "narHash": "sha256-HaqoAwlbVVZH2n4P3jN2FFPMpVuhxDy1poNOR7kzODc=",
        "owner": "nix-community",
        "repo": "fenix",
        "rev": "b814c83d9e6aa5a28d0cf356ecfdafb2505ad37d",
        "type": "github"
      },
      "original": {
        "owner": "nix-community",
        "repo": "fenix",
        "type": "github"
      }
    },
    "flake-utils": {
      "inputs": {
        "systems": "systems"
      },
      "locked": {
        "lastModified": 1731533236,
        "narHash": "sha256-l0KFg5HjrsfsO/JpG+r7fRrqm12kzFHyUHqHCVpMMbI=",
        "owner": "numtide",
        "repo": "flake-utils",
        "rev": "11707dc2f618dd54ca8739b309ec4fc024de578b",
        "type": "github"
      },
      "original": {
        "owner": "numtide",
        "repo": "flake-utils",
        "type": "github"
      }
    },
    "flake-utils_2": {
      "inputs": {
        "systems": "systems_2"
      },
      "locked": {
        "lastModified": 1731533236,
        "narHash": "sha256-l0KFg5HjrsfsO/JpG+r7fRrqm12kzFHyUHqHCVpMMbI=",
        "owner": "numtide",
        "repo": "flake-utils",
        "rev": "11707dc2f618dd54ca8739b309ec4fc024de578b",
        "type": "github"
      },
      "original": {
        "owner": "numtide",
        "repo": "flake-utils",
        "type": "github"
      }
    },
    "flakeCompat": {
      "flake": false,
      "locked": {
        "lastModified": 1650374568,
        "narHash": "sha256-Z+s0J8/r907g149rllvwhb4pKi8Wam5ij0st8PwAh+E=",
        "owner": "edolstra",
        "repo": "flake-compat",
        "rev": "b4a34015c698c7793d592d66adbab377907a2be8",
        "type": "github"
      },
      "original": {
        "owner": "edolstra",
        "repo": "flake-compat",
        "type": "github"
      }
    },
    "idris": {
      "inputs": {
        "flake-utils": "flake-utils_2",
        "idris-emacs-src": "idris-emacs-src_2",
        "nixpkgs": [
          "idris2-packageset",
          "idris2Lsp",
          "idris2Lsp",
          "nixpkgs"
        ]
      },
      "locked": {
        "lastModified": 1755736001,
        "narHash": "sha256-GfUyY3p9AcMbPiuAA2niKd6Mlf8S94uh4QcxxTRyp/k=",
        "owner": "idris-lang",
        "repo": "Idris2",
        "rev": "adfba5bf0fae917146325483dd25e1a95db033aa",
        "type": "github"
      },
      "original": {
        "owner": "idris-lang",
        "repo": "Idris2",
        "type": "github"
      }
    },
    "idris-emacs-src": {
      "flake": false,
      "locked": {
        "lastModified": 1666078909,
        "narHash": "sha256-oYNHFIpcrFfPb4sXJwEBFKeH+PB4AGCrAFrfBrSTCeo=",
        "owner": "redfish64",
        "repo": "idris2-mode",
        "rev": "3bcb52a65c488f31c99d20f235f6050418a84c9d",
        "type": "github"
      },
      "original": {
        "owner": "redfish64",
        "repo": "idris2-mode",
        "type": "github"
      }
    },
    "idris-emacs-src_2": {
      "flake": false,
      "locked": {
        "lastModified": 1666078909,
        "narHash": "sha256-oYNHFIpcrFfPb4sXJwEBFKeH+PB4AGCrAFrfBrSTCeo=",
        "owner": "redfish64",
        "repo": "idris2-mode",
        "rev": "3bcb52a65c488f31c99d20f235f6050418a84c9d",
        "type": "github"
      },
      "original": {
        "owner": "redfish64",
        "repo": "idris2-mode",
        "type": "github"
      }
    },
    "idris2": {
      "inputs": {
        "flake-utils": "flake-utils",
        "idris-emacs-src": "idris-emacs-src",
        "nixpkgs": [
          "idris2-packageset",
          "nixpkgs"
        ]
      },
      "locked": {
        "lastModified": 1758182787,
        "narHash": "sha256-TxUNsGgnw4XPayXp0Idsz6IgRVJsBG4bCv/nF8GK3tM=",
        "owner": "idris-lang",
        "repo": "idris2",
        "rev": "8695f06c6250ee948d53e97094e93a7738a79c2c",
        "type": "github"
      },
      "original": {
        "owner": "idris-lang",
        "repo": "idris2",
        "rev": "8695f06c6250ee948d53e97094e93a7738a79c2c",
        "type": "github"
      }
    },
    "idris2-packageset": {
      "inputs": {
        "idris2": "idris2",
        "idris2Lsp": "idris2Lsp",
        "idris2PackDbSrc": "idris2PackDbSrc",
        "nixpkgs": "nixpkgs"
      },
      "locked": {
        "lastModified": 1758764383,
        "narHash": "sha256-47RBiJO8cqJPIeB8u8eS6RmUnjyiR89xzpFBUWYJjTw=",
        "owner": "mattpolzin",
        "repo": "nix-idris2-packages",
        "rev": "af681d69c28b6842e7d1a03d571d1fe749d2bba8",
        "type": "github"
      },
      "original": {
        "owner": "mattpolzin",
        "repo": "nix-idris2-packages",
        "type": "github"
      }
    },
    "idris2Lsp": {
      "inputs": {
        "alejandra": "alejandra",
        "idris": [
          "idris2-packageset",
          "idris2"
        ],
        "idris2Lsp": "idris2Lsp_2",
        "lspLib": "lspLib_2",
        "nixpkgs": [
          "idris2-packageset",
          "nixpkgs"
        ]
      },
      "locked": {
        "lastModified": 1757515244,
        "narHash": "sha256-uYmg9Jd98RiO5SpRFox2xNAxY4nocPuK//zxuaIi/DM=",
        "owner": "idris-community",
        "repo": "idris2-lsp",
        "rev": "81344545c134c8e7105ecf1fdd7a1caae6647035",
        "type": "github"
      },
      "original": {
        "owner": "idris-community",
        "repo": "idris2-lsp",
        "rev": "81344545c134c8e7105ecf1fdd7a1caae6647035",
        "type": "github"
      }
    },
    "idris2Lsp_2": {
      "inputs": {
        "alejandra": [
          "idris2-packageset",
          "idris2Lsp",
          "alejandra"
        ],
        "idris": "idris",
        "idris2Lsp": "idris2Lsp_3",
        "lspLib": "lspLib",
        "nixpkgs": [
          "idris2-packageset",
          "idris2Lsp",
          "nixpkgs"
        ]
      },
      "locked": {
        "lastModified": 1755781462,
        "narHash": "sha256-/DNfM6EyxsksvgerJLB4uFgKANGgYe60sNuDeWlDqqQ=",
        "owner": "idris-community",
        "repo": "idris2-lsp",
        "rev": "10d7b1357be56e00c1be2cb3fdb78270a8172f50",
        "type": "github"
      },
      "original": {
        "owner": "idris-community",
        "repo": "idris2-lsp",
        "type": "github"
      }
    },
    "idris2Lsp_3": {
      "inputs": {
        "alejandra": [
          "idris2-packageset",
          "idris2Lsp",
          "alejandra"
        ],
        "idris": [
          "idris2-packageset",
          "idris2Lsp",
          "idris"
        ],
        "idris2Lsp": [
          "idris2-packageset",
          "idris2Lsp",
          "idris2Lsp"
        ],
        "lspLib": [
          "idris2-packageset",
          "idris2Lsp",
          "lspLib"
        ],
        "nixpkgs": [
          "idris2-packageset",
          "idris2Lsp",
          "nixpkgs"
        ]
      },
      "locked": {
        "lastModified": 1755029558,
        "narHash": "sha256-PRbjCpqn47HUTd0DaEPU8V1aWGPei2l/mgmodKLUFSo=",
        "owner": "idris-community",
        "repo": "idris2-lsp",
        "rev": "2e38e3ee05894c42ac581fddda2a90f3be8a664d",
        "type": "github"
      },
      "original": {
        "owner": "idris-community",
        "repo": "idris2-lsp",
        "type": "github"
      }
    },
    "idris2PackDbSrc": {
      "flake": false,
      "locked": {
        "lastModified": 1758751489,
        "narHash": "sha256-ncLyX2WbsltRmepezkFH0Hq1CLe6ne+8OCHLjUODco4=",
        "owner": "stefan-hoeck",
        "repo": "idris2-pack-db",
        "rev": "5f3aee36ff35ddb5916ef1d54de010e10c416371",
        "type": "github"
      },
      "original": {
        "owner": "stefan-hoeck",
        "repo": "idris2-pack-db",
        "type": "github"
      }
    },
    "lspLib": {
      "inputs": {
        "idris": [
          "idris2-packageset",
          "idris2Lsp",
          "idris2Lsp",
          "idris"
        ],
        "idris2Lsp": [
          "idris2-packageset",
          "idris2Lsp",
          "idris2Lsp",
          "idris2Lsp"
        ],
        "nixpkgs": [
          "idris2-packageset",
          "idris2Lsp",
          "idris2Lsp",
          "nixpkgs"
        ]
      },
      "locked": {
        "lastModified": 1755177633,
        "narHash": "sha256-maXHx/OrflIdV7XPfDCRShUGZekLbLOSFQPHnL6DxnI=",
        "owner": "idris-community",
        "repo": "LSP-lib",
        "rev": "ca77e80a392b8cfeee3aaeb150069957699cdb82",
        "type": "github"
      },
      "original": {
        "owner": "idris-community",
        "repo": "LSP-lib",
        "type": "github"
      }
    },
    "lspLib_2": {
      "inputs": {
        "idris": [
          "idris2-packageset",
          "idris2Lsp",
          "idris"
        ],
        "idris2Lsp": [
          "idris2-packageset",
          "idris2Lsp",
          "idris2Lsp"
        ],
        "nixpkgs": [
          "idris2-packageset",
          "idris2Lsp",
          "nixpkgs"
        ]
      },
      "locked": {
        "lastModified": 1755177633,
        "narHash": "sha256-maXHx/OrflIdV7XPfDCRShUGZekLbLOSFQPHnL6DxnI=",
        "owner": "idris-community",
        "repo": "LSP-lib",
        "rev": "ca77e80a392b8cfeee3aaeb150069957699cdb82",
        "type": "github"
      },
      "original": {
        "owner": "idris-community",
        "repo": "LSP-lib",
        "type": "github"
      }
    },
    "nixpkgs": {
      "locked": {
        "lastModified": 1758446476,
        "narHash": "sha256-5rdAi7CTvM/kSs6fHe1bREIva5W3TbImsto+dxG4mBo=",
        "owner": "nixos",
        "repo": "nixpkgs",
        "rev": "a1f79a1770d05af18111fbbe2a3ab2c42c0f6cd0",
        "type": "github"
      },
      "original": {
        "owner": "nixos",
        "ref": "nixpkgs-unstable",
        "repo": "nixpkgs",
        "type": "github"
      }
    },
    "nixpkgs_2": {
      "locked": {
        "lastModified": 1758446476,
        "narHash": "sha256-5rdAi7CTvM/kSs6fHe1bREIva5W3TbImsto+dxG4mBo=",
        "owner": "NixOS",
        "repo": "nixpkgs",
        "rev": "a1f79a1770d05af18111fbbe2a3ab2c42c0f6cd0",
        "type": "github"
      },
      "original": {
        "id": "nixpkgs",
        "type": "indirect"
      }
    },
    "root": {
      "inputs": {
        "idris2-packageset": "idris2-packageset",
        "nixpkgs": "nixpkgs_2"
      }
    },
    "rust-analyzer-src": {
      "flake": false,
      "locked": {
        "lastModified": 1657557289,
        "narHash": "sha256-PRW+nUwuqNTRAEa83SfX+7g+g8nQ+2MMbasQ9nt6+UM=",
        "owner": "rust-lang",
        "repo": "rust-analyzer",
        "rev": "caf23f29144b371035b864a1017dbc32573ad56d",
        "type": "github"
      },
      "original": {
        "owner": "rust-lang",
        "ref": "nightly",
        "repo": "rust-analyzer",
        "type": "github"
      }
    },
    "systems": {
      "locked": {
        "lastModified": 1681028828,
        "narHash": "sha256-Vy1rq5AaRuLzOxct8nz4T6wlgyUR7zLU309k9mBC768=",
        "owner": "nix-systems",
        "repo": "default",
        "rev": "da67096a3b9bf56a91d16901293e51ba5b49a27e",
        "type": "github"
      },
      "original": {
        "owner": "nix-systems",
        "repo": "default",
        "type": "github"
      }
    },
    "systems_2": {
      "locked": {
        "lastModified": 1681028828,
        "narHash": "sha256-Vy1rq5AaRuLzOxct8nz4T6wlgyUR7zLU309k9mBC768=",
        "owner": "nix-systems",
        "repo": "default",
        "rev": "da67096a3b9bf56a91d16901293e51ba5b49a27e",
        "type": "github"
      },
      "original": {
        "owner": "nix-systems",
        "repo": "default",
        "type": "github"
      }
    }
  },
  "root": "root",
  "version": 7
}
